Microsoft Visual Studio Solution File, Format Version 12.00
# Visual Studio Version 17
VisualStudioVersion = 17.0.31903.59
MinimumVisualStudioVersion = 10.0.40219.1
Project("{FAE04EC0-301F-11D3-BF4B-00C04F79EFBC}") = "Saeed.Windows", "Saeed.Windows\\Saeed.Windows.csproj", "{B8A2E2C9-6B2A-4B8D-9A91-6D5C0B0C4E01}"
EndProject
Global
	GlobalSection(SolutionConfigurationPlatforms) = preSolution
		Debug|Any CPU = Debug|Any CPU
		Release|Any CPU = Release|Any CPU
	EndGlobalSection
	GlobalSection(ProjectConfigurationPlatforms) = postSolution
		{B8A2E2C9-6B2A-4B8D-9A91-6D5C0B0C4E01}.Debug|Any CPU.ActiveCfg = Debug|Any CPU
		{B8A2E2C9-6B2A-4B8D-9A91-6D5C0B0C4E01}.Debug|Any CPU.Build.0 = Debug|Any CPU
		{B8A2E2C9-6B2A-4B8D-9A91-6D5C0B0C4E01}.Release|Any CPU.ActiveCfg = Release|Any CPU
		{B8A2E2C9-6B2A-4B8D-9A91-6D5C0B0C4E01}.Release|Any CPU.Build.0 = Release|Any CPU
	EndGlobalSection
EndGlobal